{
    "_meta": {
        "hash": {
            "sha256": "5ab4dbeda736922f466bd2e4d62e4fab5f9a610da2b2abbdf7cbec93fc089f64"
        },
        "pipfile-spec": 6,
        "requires": {
            "python_version": "3.9"
        },
        "sources": [
            {
                "name": "pypi",
                "url": "https://pypi.org/simple",
                "verify_ssl": true
            }
        ]
    },
    "default": {
        "bcrypt": {
            "hashes": [
                "sha256:089098effa1bc35dc055366740a067a2fc76987e8ec75349eb9484061c54f535",
                "sha256:08d2947c490093a11416df18043c27abe3921558d2c03e2076ccb28a116cb6d0",
                "sha256:0eaa47d4661c326bfc9d08d16debbc4edf78778e6aaba29c1bc7ce67214d4410",
                "sha256:27d375903ac8261cfe4047f6709d16f7d18d39b1ec92aaf72af989552a650ebd",
                "sha256:2b3ac11cf45161628f1f3733263e63194f22664bf4d0c0f3ab34099c02134665",
                "sha256:2caffdae059e06ac23fce178d31b4a702f2a3264c20bfb5ff541b338194d8fab",
                "sha256:3100851841186c25f127731b9fa11909ab7b1df6fc4b9f8353f4f1fd952fbf71",
                "sha256:5ad4d32a28b80c5fa6671ccfb43676e8c1cc232887759d1cd7b6f56ea4355215",
                "sha256:67a97e1c405b24f19d08890e7ae0c4f7ce1e56a712a016746c8b2d7732d65d4b",
                "sha256:705b2cea8a9ed3d55b4491887ceadb0106acf7c6387699fca771af56b1cdeeda",
                "sha256:8a68f4341daf7522fe8d73874de8906f3a339048ba406be6ddc1b3ccb16fc0d9",
                "sha256:a522427293d77e1c29e303fc282e2d71864579527a04ddcfda6d4f8396c6c36a",
                "sha256:ae88eca3024bb34bb3430f964beab71226e761f51b912de5133470b649d82344",
                "sha256:b1023030aec778185a6c16cf70f359cbb6e0c289fd564a7cfa29e727a1c38f8f",
                "sha256:b3b85202d95dd568efcb35b53936c5e3b3600c7cdcc6115ba461df3a8e89f38d",
                "sha256:b57adba8a1444faf784394de3436233728a1ecaeb6e07e8c22c8848f179b893c",
                "sha256:bf4fa8b2ca74381bb5442c089350f09a3f17797829d958fad058d6e44d9eb83c",
                "sha256:ca3204d00d3cb2dfed07f2d74a25f12fc12f73e606fcaa6975d1f7ae69cacbb2",
                "sha256:cbb03eec97496166b704ed663a53680ab57c5084b2fc98ef23291987b525cb7d",
                "sha256:e9a51bbfe7e9802b5f3508687758b564069ba937748ad7b9e890086290d2f79e",
                "sha256:fbdaec13c5105f0c4e5c52614d04f0bca5f5af007910daa8b6b12095edaa67b3"
            ],
            "index": "pypi",
            "version": "==4.0.1"
        },
        "dill": {
            "hashes": [
                "sha256:a07ffd2351b8c678dfc4a856a3005f8067aea51d6ba6c700796a4d9e280f39f0",
                "sha256:e5db55f3687856d8fbdab002ed78544e1c4559a130302693d839dfe8f93f2373"
            ],
            "index": "pypi",
            "version": "==0.3.6"
        },
        "ecdsa": {
            "hashes": [
                "sha256:64c613005f13efec6541bb0a33290d0d03c27abab5f15fbab20fb0ee162bdd8e",
                "sha256:e108a5fe92c67639abae3260e43561af914e7fd0d27bae6d2ec1312ae7934dfe"
            ],
            "markers": "python_version >= '2.6' and python_version not in '3.0, 3.1, 3.2, 3.3'",
            "version": "==0.14.1"
        },
        "jinja2": {
            "hashes": [
                "sha256:4a3aee7acbbe7303aede8e9648d13b8bf88a429282aa6122a993f0ac800cb369",
                "sha256:bc5dd2abb727a5319567b7a813e6a2e7318c39f4f487cfe6c89c6f9c7d25197d"
            ],
            "index": "pypi",
            "version": "==3.1.4"
        },
        "markupsafe": {
            "hashes": [
                "sha256:00e046b6dd71aa03a41079792f8473dc494d564611a8f89bbbd7cb93295ebdcf",
                "sha256:075202fa5b72c86ad32dc7d0b56024ebdbcf2048c0ba09f1cde31bfdd57bcfff",
                "sha256:0e397ac966fdf721b2c528cf028494e86172b4feba51d65f81ffd65c63798f3f",
                "sha256:17b950fccb810b3293638215058e432159d2b71005c74371d784862b7e4683f3",
                "sha256:1f3fbcb7ef1f16e48246f704ab79d79da8a46891e2da03f8783a5b6fa41a9532",
                "sha256:2174c595a0d73a3080ca3257b40096db99799265e1c27cc5a610743acd86d62f",
                "sha256:2b7c57a4dfc4f16f7142221afe5ba4e093e09e728ca65c51f5620c9aaeb9a617",
                "sha256:2d2d793e36e230fd32babe143b04cec8a8b3eb8a3122d2aceb4a371e6b09b8df",
                "sha256:30b600cf0a7ac9234b2638fbc0fb6158ba5bdcdf46aeb631ead21248b9affbc4",
                "sha256:397081c1a0bfb5124355710fe79478cdbeb39626492b15d399526ae53422b906",
                "sha256:3a57fdd7ce31c7ff06cdfbf31dafa96cc533c21e443d57f5b1ecc6cdc668ec7f",
                "sha256:3c6b973f22eb18a789b1460b4b91bf04ae3f0c4234a0a6aa6b0a92f6f7b951d4",
                "sha256:3e53af139f8579a6d5f7b76549125f0d94d7e630761a2111bc431fd820e163b8",
                "sha256:4096e9de5c6fdf43fb4f04c26fb114f61ef0bf2e5604b6ee3019d51b69e8c371",
                "sha256:4275d846e41ecefa46e2015117a9f491e57a71ddd59bbead77e904dc02b1bed2",
                "sha256:4c31f53cdae6ecfa91a77820e8b151dba54ab528ba65dfd235c80b086d68a465",
                "sha256:4f11aa001c540f62c6166c7726f71f7573b52c68c31f014c25cc7901deea0b52",
                "sha256:5049256f536511ee3f7e1b3f87d1d1209d327e818e6ae1365e8653d7e3abb6a6",
                "sha256:58c98fee265677f63a4385256a6d7683ab1832f3ddd1e66fe948d5880c21a169",
                "sha256:598e3276b64aff0e7b3451b72e94fa3c238d452e7ddcd893c3ab324717456bad",
                "sha256:5b7b716f97b52c5a14bffdf688f971b2d5ef4029127f1ad7a513973cfd818df2",
                "sha256:5dedb4db619ba5a2787a94d877bc8ffc0566f92a01c0ef214865e54ecc9ee5e0",
                "sha256:619bc166c4f2de5caa5a633b8b7326fbe98e0ccbfacabd87268a2b15ff73a029",
                "sha256:629ddd2ca402ae6dbedfceeba9c46d5f7b2a61d9749597d4307f943ef198fc1f",
                "sha256:656f7526c69fac7f600bd1f400991cc282b417d17539a1b228617081106feb4a",
                "sha256:6ec585f69cec0aa07d945b20805be741395e28ac1627333b1c5b0105962ffced",
                "sha256:72b6be590cc35924b02c78ef34b467da4ba07e4e0f0454a2c5907f473fc50ce5",
                "sha256:7502934a33b54030eaf1194c21c692a534196063db72176b0c4028e140f8f32c",
                "sha256:7a68b554d356a91cce1236aa7682dc01df0edba8d043fd1ce607c49dd3c1edcf",
                "sha256:7b2e5a267c855eea6b4283940daa6e88a285f5f2a67f2220203786dfa59b37e9",
                "sha256:823b65d8706e32ad2df51ed89496147a42a2a6e01c13cfb6ffb8b1e92bc910bb",
                "sha256:8590b4ae07a35970728874632fed7bd57b26b0102df2d2b233b6d9d82f6c62ad",
                "sha256:8dd717634f5a044f860435c1d8c16a270ddf0ef8588d4887037c5028b859b0c3",
                "sha256:8dec4936e9c3100156f8a2dc89c4b88d5c435175ff03413b443469c7c8c5f4d1",
                "sha256:97cafb1f3cbcd3fd2b6fbfb99ae11cdb14deea0736fc2b0952ee177f2b813a46",
                "sha256:a17a92de5231666cfbe003f0e4b9b3a7ae3afb1ec2845aadc2bacc93ff85febc",
                "sha256:a549b9c31bec33820e885335b451286e2969a2d9e24879f83fe904a5ce59d70a",
                "sha256:ac07bad82163452a6884fe8fa0963fb98c2346ba78d779ec06bd7a6262132aee",
                "sha256:ae2ad8ae6ebee9d2d94b17fb62763125f3f374c25618198f40cbb8b525411900",
                "sha256:b91c037585eba9095565a3556f611e3cbfaa42ca1e865f7b8015fe5c7336d5a5",
                "sha256:bc1667f8b83f48511b94671e0e441401371dfd0f0a795c7daa4a3cd1dde55bea",
                "sha256:bec0a414d016ac1a18862a519e54b2fd0fc8bbfd6890376898a6c0891dd82e9f",
                "sha256:bf50cd79a75d181c9181df03572cdce0fbb75cc353bc350712073108cba98de5",
                "sha256:bff1b4290a66b490a2f4719358c0cdcd9bafb6b8f061e45c7a2460866bf50c2e",
                "sha256:c061bb86a71b42465156a3ee7bd58c8c2ceacdbeb95d05a99893e08b8467359a",
                "sha256:c8b29db45f8fe46ad280a7294f5c3ec36dbac9491f2d1c17345be8e69cc5928f",
                "sha256:ce409136744f6521e39fd8e2a24c53fa18ad67aa5bc7c2cf83645cce5b5c4e50",
                "sha256:d050b3361367a06d752db6ead6e7edeb0009be66bc3bae0ee9d97fb326badc2a",
                "sha256:d283d37a890ba4c1ae73ffadf8046435c76e7bc2247bbb63c00bd1a709c6544b",
                "sha256:d9fad5155d72433c921b782e58892377c44bd6252b5af2f67f16b194987338a4",
                "sha256:daa4ee5a243f0f20d528d939d06670a298dd39b1ad5f8a72a4275124a7819eff",
                "sha256:db0b55e0f3cc0be60c1f19efdde9a637c32740486004f20d1cff53c3c0ece4d2",
                "sha256:e61659ba32cf2cf1481e575d0462554625196a1f2fc06a1c777d3f48e8865d46",
                "sha256:ea3d8a3d18833cf4304cd2fc9cbb1efe188ca9b5efef2bdac7adc20594a0e46b",
                "sha256:ec6a563cff360b50eed26f13adc43e61bc0c04d94b8be985e6fb24b81f6dcfdf",
                "sha256:f5dfb42c4604dddc8e4305050aa6deb084540643ed5804d7455b5df8fe16f5e5",
                "sha256:fa173ec60341d6bb97a89f5ea19c85c5643c1e7dedebc22f5181eb73573142c5",
                "sha256:fa9db3f79de01457b03d4f01b34cf91bc0048eb2c3846ff26f66687c2f6d16ab",
                "sha256:fce659a462a1be54d2ffcacea5e3ba2d74daa74f30f5f143fe0c58636e355fdd",
                "sha256:ffee1f21e5ef0d712f9033568f8344d5da8cc2869dbd08d87c84656e6a2d2f68"
            ],
            "markers": "python_version >= '3.7'",
            "version": "==2.1.5"
        },
        "multiprocess": {
            "hashes": [
                "sha256:0d5da0fc84aacb0e4bd69c41b31edbf71b39fe2fb32a54eaedcaea241050855c",
                "sha256:3eddafc12f2260d27ae03fe6069b12570ab4764ab59a75e81624fac453fbf46a",
                "sha256:40a5e3685462079e5fdee7c6789e3ef270595e1755199f0d50685e72523e1d2a",
                "sha256:44936b2978d3f2648727b3eaeab6d7fa0bedf072dc5207bf35a96d5ee7c004cf",
                "sha256:560a27540daef4ce8b24ed3cc2496a3c670df66c96d02461a4da67473685adf3",
                "sha256:63cee628b74a2c0631ef15da5534c8aedbc10c38910b9c8b18dcd327528d1ec7",
                "sha256:6725bc79666bbd29a73ca148a0fb5f4ea22eed4a8f22fce58296492a02d18a7b",
                "sha256:6a7b03a5b98e911a7785b9116805bd782815c5e2bd6c91c6a320f26fd3e7b7ad",
                "sha256:7dc1f2f6a1d34894c8a9a013fbc807971e336e7cc3f3ff233e61b9dc679b3b5c",
                "sha256:89fed99553a04ec4f9067031f83a886d7fdec5952005551a896a4b6a59575bb9",
                "sha256:93a8208ca0926d05cdbb5b9250a604c401bed677579e96c14da3090beb798193",
                "sha256:bfbbfa36f400b81d1978c940616bc77776424e5e34cb0c94974b178d727cfcd5",
                "sha256:cea5bdedd10aace3c660fedeac8b087136b4366d4ee49a30f1ebf7409bce00ae",
                "sha256:e628503187b5d494bf29ffc52d3e1e57bb770ce7ce05d67c4bbdb3a0c7d3b05f"
            ],
            "index": "pypi",
            "version": "==0.70.14"
        },
        "nestd": {
            "hashes": [
                "sha256:1b946d2bbc16df67ca169b8cb59794ec70b54d4a56a017e3d1c092d364d22a39",
                "sha256:9a27d65e0676477acf50f1dcadb15755eb85076983e5abaffc94b0f4e26eef62"
            ],
            "index": "pypi",
            "version": "==0.3.1"
        },
        "passlib": {
            "hashes": [
                "sha256:aa6bca462b8d8bda89c70b382f0c298a20b5560af6cbfa2dce410c0a2fb669f1",
                "sha256:defd50f72b65c5402ab2c573830a6978e5f202ad0d984793c8dde2c4152ebe04"
            ],
            "index": "pypi",
            "version": "==1.7.4"
        },
        "pyasn1": {
            "hashes": [
                "sha256:3a35ab2c4b5ef98e17dfdec8ab074046fbda76e281c5a706ccd82328cfc8f64c",
                "sha256:cca4bb0f2df5504f02f6f8a775b6e416ff9b0b3b16f7ee80b5a3153d9b804473"
            ],
            "markers": "python_version >= '3.8'",
            "version": "==0.6.0"
        },
        "pysnooper": {
            "hashes": [
                "sha256:810669e162a250a066d8662e573adbc5af770e937c5b5578f28bb7355d1c859b",
                "sha256:aa859aa9a746cffc1f35e4ee469d49c3cc5185b5fc0c571feb3af3c94d2eb625"
            ],
            "index": "pypi",
            "version": "==1.2.0"
        },
        "python-jose": {
            "hashes": [
                "sha256:4e4192402e100b5fb09de5a8ea6bcc39c36ad4526341c123d401e2561720335b",
                "sha256:67d7dfff599df676b04a996520d9be90d6cdb7e6dd10b4c7cacc0c3e2e92f2be"
            ],
            "index": "pypi",
            "version": "==3.2.0"
        },
        "robyn": {
            "hashes": [
                "sha256:00a75ae6227d8d77a12ec17ef967e105f212e872f267e59f158d71fb52516fb2",
                "sha256:0784ed23817e1ca1c72320b60fb5d5c2c8720d410edd7eb41e033a460624cf2e",
                "sha256:09b3637fc7918d822e852f83253dfbb5a624b2d8edff2037c418efd9ec116ffe",
                "sha256:0e8642e69ffb20171a62171637b7d84b3b35e4f16222dcd51e61440916a7963f",
                "sha256:124389363663afc94dd2608f94549f2e0c3a6707305edb86a74af9c61a978a2a",
                "sha256:14d0001e11aca96a192dc9df6e5d142162667ed5e9f6db3b1e5d578a6cee058a",
                "sha256:1660f0e1ad47d0d670edcc5c6b5eacd22722f69c242a0ee116393d90b1145b15",
                "sha256:16e99f5ede354aa7c2fc49a0af16ac93b6ceb0e5e0d4ee3ffba5d0706b7365a2",
                "sha256:1d165845c6c7384a8e45e66857d47306a57e987c34b4b915671790582292ae60",
                "sha256:42a730568be111810ade413d65dd8dded962c5e481eca3b34819b2e1cad90588",
                "sha256:4619a98f3b15bf3337a01efb2c6e16decc5b9dab35353fc9d28560af2b10ca76",
                "sha256:4744511feae44381414380140cd62ac803d3f6b8d272eca64d648a2ba6cfab85",
                "sha256:492b95be376385fbf95395093d08b56d5d1abf8f5dba12c08fc23c55d59b224a",
                "sha256:493f6c4085471fd48860b9321a50526cfbbc6259b1999449acbd1eb4b484004c",
                "sha256:4ad70e252bfabc2fad6e43e38b489c6105ec344e04d4286dae5fb7a0d55a13c4",
                "sha256:4f9d3256bfd8b31a3f3bcc0e153016713711270d6d494bfaa18a2930d28a7fbc",
                "sha256:5787b2bcda7052ab6112bc87cc7d5d777ddbad2952f191568c2c2d39237b0b3a",
                "sha256:6526ab1d20447a8338ba2ab3fddca9e711409f77ad0a9fc372a81d36be5ff99d",
                "sha256:65570d35520b87ef66e1c82764d6c8b45f79e37b0507f768a3fbc18c2931eb7c",
                "sha256:6be17af74ef0a926a12cc499411635d088de63506c1decbad28449a5fe177e5d",
                "sha256:6deacd7413adf4ded9a931fc1970c3ae91aad224bb946170dc05d362398c95ce",
                "sha256:6f09a0cbd51e7b172d7443351647ffa2ed467fdf4031eb889db282b8d0b6b7dc",
                "sha256:74ae5cbf7ee7e6e9b7a7ad5d8b111c9b0dda3de85c976c94a2257ad2451dc24f",
                "sha256:74c0f9f7f7e3858a21754b334e63f7f5a95baa25bd3e22a4bdb56e91d0b72fb6",
                "sha256:74f8890e80932a87f2de527cfb36bd82213c1b432b54d393c536e2909095caf2",
                "sha256:75d3913b8b27f10ed7054d996bd716a3639d4a8b2ac2f13896c358a2f4ed3b7c",
                "sha256:77e8438cb10ff8a195e570f61d74211c5db9b7dcdb9f65eeb233e227b4cb9fb9",
                "sha256:7bfb67fff599723aa7e75ad0a1b75e29d3f2aea0cd015b60468b2e4ba8e46711",
                "sha256:86abaf57ea167a49cfe1b47ce5283c421980d5c8903185b617d86ddd274cc091",
                "sha256:89a2f38511b98062d4c51f25b35662a364ad2f73a3300fd107eb88a8a2623ce6",
                "sha256:8dd07e1ac860383a2fda84145235cbe065be2f1e86d2ea58c3e9c587687205ce",
                "sha256:9391aec6dac193c661c6618c33ad9efc37cf72fd5a8ce042c44e5e736f067a5b",
                "sha256:9482ea792b7737b42c0c9c58c20c3ffc53f84b25ac778ce740118ca8213bd966",
                "sha256:956eccf58fed7f06f85890bca5faf781085a6fb548ad2c8c995d3c2e41a8dea0",
                "sha256:96f724ccac344952974cb1939175331b39ff69044190c3cedce6510281162302",
                "sha256:99b26f49067773780aa7b226bfbfabe5aab4ea7bf700a3f87027394586f3315c",
                "sha256:9adce67922e2e430f8b3871625aa54537be7db8653aa0e81f90c3267557691e0",
                "sha256:a2e8114710ad156e0cc72866a7c0333998994d0566aa0b15151c1cc40af31827",
                "sha256:a8cb8d28856dba395e84ef6e8ed08f450430bd7f114d222ac5dd3ae75998ae49",
                "sha256:c88aa9b68767f77b715a113d0690a6d2d47e7a4e20db4c7a0f10f1086ae8eeea",
                "sha256:ce4f57900b6be4c82040de586e9d3b889ededa088721dea9eef6686279d1e12c",
                "sha256:d6a66f7820e5c205791c898ed9fcfe812ce88e47b0de8742e527e72b087fc643",
                "sha256:d88c7ef14cf28fb3016920f932b4dbad1c33cb92c8a060a1dc1efa0fe79f1c02",
                "sha256:da9fd3d4d55e44b703ff73d935ee4608e20a9202ce21f772e75f58efc8afbd2d",
                "sha256:e4ffa6620a912eded0f445396b76d37aeb3a4398e5884b0c5af3b74f718581aa",
                "sha256:e50d565aeb1ce181183dbd50a29fa7628d8342a4b9719bdd4c834c12d82b1496",
                "sha256:e594c3a610b25ffb0fedfdce372363ba1ab358e816c77056c682dd6c7e9ceeed",
                "sha256:e69fb7f0ab617c0d7487be93f81a6976e2c283bb002812cdf0a6a5c58c6f3e12",
                "sha256:eec0267963864b98ed73dbc217307b7564a816078ca283015f31fc317625bcf9",
                "sha256:f93835f34226c86b2257ef4f55ed58506d9e71af55ea861315eaf21306f92a72",
                "sha256:fafbe611ff3fffd3a9fb4108e16764adb4fe4824dab3a6310c89a1786d99b07d"
            ],
            "index": "pypi",
            "version": "==0.36.2"
        },
        "rsa": {
            "hashes": [
                "sha256:90260d9058e514786967344d0ef75fa8727eed8a7d2e43ce9f4bcf1b536174f7",
                "sha256:e38464a49c6c85d7f1351b0126661487a7e0a14a50f1675ec50eb34d4f20ef21"
            ],
            "markers": "python_version >= '3.6' and python_version < '4'",
            "version": "==4.9"
        },
        "six": {
            "hashes": [
                "sha256:1e61c37477a1626458e36f7b1d82aa5c9b094fa4802892072e49de9c60c4c926",
                "sha256:8abb2f1d86890a2dfb989f9a77cfcfd3e47c2a354b01111771326f8aa26e0254"
            ],
            "markers": "python_version >= '2.7' and python_version not in '3.0, 3.1, 3.2, 3.3'",
            "version": "==1.16.0"
        },
        "sqlalchemy": {
            "hashes": [
                "sha256:024d2f67fb3ec697555e48caeb7147cfe2c08065a4f1a52d93c3d44fc8e6ad1c",
                "sha256:0bf0fd65b50a330261ec7fe3d091dfc1c577483c96a9fa1e4323e932961aa1b5",
                "sha256:16a310f5bc75a5b2ce7cb656d0e76eb13440b8354f927ff15cbaddd2523ee2d1",
                "sha256:1d90ccc15ba1baa345796a8fb1965223ca7ded2d235ccbef80a47b85cea2d71a",
                "sha256:22bafb1da60c24514c141a7ff852b52f9f573fb933b1e6b5263f0daa28ce6db9",
                "sha256:2c69ce70047b801d2aba3e5ff3cba32014558966109fecab0c39d16c18510f15",
                "sha256:2e7b69d9ced4b53310a87117824b23c509c6fc1f692aa7272d47561347e133b6",
                "sha256:314145c1389b021a9ad5aa3a18bac6f5d939f9087d7fc5443be28cba19d2c972",
                "sha256:3afa8a21a9046917b3a12ffe016ba7ebe7a55a6fc0c7d950beb303c735c3c3ad",
                "sha256:430614f18443b58ceb9dedec323ecddc0abb2b34e79d03503b5a7579cd73a531",
                "sha256:43699eb3f80920cc39a380c159ae21c8a8924fe071bccb68fc509e099420b148",
                "sha256:539010665c90e60c4a1650afe4ab49ca100c74e6aef882466f1de6471d414be7",
                "sha256:57d100a421d9ab4874f51285c059003292433c648df6abe6c9c904e5bd5b0828",
                "sha256:5831138f0cc06b43edf5f99541c64adf0ab0d41f9a4471fd63b54ae18399e4de",
                "sha256:584f66e5e1979a7a00f4935015840be627e31ca29ad13f49a6e51e97a3fb8cae",
                "sha256:5d6afc41ca0ecf373366fd8e10aee2797128d3ae45eb8467b19da4899bcd1ee0",
                "sha256:61ada5831db36d897e28eb95f0f81814525e0d7927fb51145526c4e63174920b",
                "sha256:6b54d1ad7a162857bb7c8ef689049c7cd9eae2f38864fc096d62ae10bc100c7d",
                "sha256:7351c05db355da112e056a7b731253cbeffab9dfdb3be1e895368513c7d70106",
                "sha256:77a14fa20264af73ddcdb1e2b9c5a829b8cc6b8304d0f093271980e36c200a3f",
                "sha256:851a37898a8a39783aab603c7348eb5b20d83c76a14766a43f56e6ad422d1ec8",
                "sha256:89bc2b374ebee1a02fd2eae6fd0570b5ad897ee514e0f84c5c137c942772aa0c",
                "sha256:8e712cfd2e07b801bc6b60fdf64853bc2bd0af33ca8fa46166a23fe11ce0dbb0",
                "sha256:8f9eb4575bfa5afc4b066528302bf12083da3175f71b64a43a7c0badda2be365",
                "sha256:8fc05b59142445a4efb9c1fd75c334b431d35c304b0e33f4fa0ff1ea4890f92e",
                "sha256:96f0463573469579d32ad0c91929548d78314ef95c210a8115346271beeeaaa2",
                "sha256:9deaae357edc2091a9ed5d25e9ee8bba98bcfae454b3911adeaf159c2e9ca9e3",
                "sha256:a752b7a9aceb0ba173955d4f780c64ee15a1a991f1c52d307d6215c6c73b3a4c",
                "sha256:ae7473a67cd82a41decfea58c0eac581209a0aa30f8bc9190926fbf628bb17f7",
                "sha256:b15afbf5aa76f2241184c1d3b61af1a72ba31ce4161013d7cb5c4c2fca04fd6e",
                "sha256:c896d4e6ab2eba2afa1d56be3d0b936c56d4666e789bfc59d6ae76e9fcf46145",
                "sha256:cb4e688f6784427e5f9479d1a13617f573de8f7d4aa713ba82813bcd16e259d1",
                "sha256:cda283700c984e699e8ef0fcc5c61f00c9d14b6f65a4f2767c97242513fcdd84",
                "sha256:cf7b5e3856cbf1876da4e9d9715546fa26b6e0ba1a682d5ed2fc3ca4c7c3ec5b",
                "sha256:d6894708eeb81f6d8193e996257223b6bb4041cb05a17cd5cf373ed836ef87a2",
                "sha256:d8f2afd1aafded7362b397581772c670f20ea84d0a780b93a1a1529da7c3d369",
                "sha256:dd4d410a76c3762511ae075d50f379ae09551d92525aa5bb307f8343bf7c2c12",
                "sha256:eb60699de43ba1a1f77363f563bb2c652f7748127ba3a774f7cf2c7804aa0d3d",
                "sha256:f469f15068cd8351826df4080ffe4cc6377c5bf7d29b5a07b0e717dddb4c7ea2",
                "sha256:f82c310ddf97b04e1392c33cf9a70909e0ae10a7e2ddc1d64495e3abdc5d19fb",
                "sha256:fa51ce4aea583b0c6b426f4b0563d3535c1c75986c4373a0987d84d22376585b"
            ],
            "index": "pypi",
            "version": "==2.0.19"
        },
        "typing-extensions": {
            "hashes": [
                "sha256:440d5dd3af93b060174bf433bccd69b0babc3b15b1a8dca43789fd7f61514b36",
                "sha256:b75ddc264f0ba5615db7ba217daeb99701ad295353c45f9e95963337ceeeffb2"
            ],
            "index": "pypi",
            "version": "==4.7.1"
        },
        "uvloop": {
            "hashes": [
                "sha256:0949caf774b9fcefc7c5756bacbbbd3fc4c05a6b7eebc7c7ad6f825b23998d6d",
                "sha256:0ddf6baf9cf11a1a22c71487f39f15b2cf78eb5bde7e5b45fbb99e8a9d91b9e1",
                "sha256:1436c8673c1563422213ac6907789ecb2b070f5939b9cbff9ef7113f2b531595",
                "sha256:23609ca361a7fc587031429fa25ad2ed7242941adec948f9d10c045bfecab06b",
                "sha256:2a6149e1defac0faf505406259561bc14b034cdf1d4711a3ddcdfbaa8d825a05",
                "sha256:2deae0b0fb00a6af41fe60a675cec079615b01d68beb4cc7b722424406b126a8",
                "sha256:307958f9fc5c8bb01fad752d1345168c0abc5d62c1b72a4a8c6c06f042b45b20",
                "sha256:30babd84706115626ea78ea5dbc7dd8d0d01a2e9f9b306d24ca4ed5796c66ded",
                "sha256:3378eb62c63bf336ae2070599e49089005771cc651c8769aaad72d1bd9385a7c",
                "sha256:3d97672dc709fa4447ab83276f344a165075fd9f366a97b712bdd3fee05efae8",
                "sha256:3db8de10ed684995a7f34a001f15b374c230f7655ae840964d51496e2f8a8474",
                "sha256:3ebeeec6a6641d0adb2ea71dcfb76017602ee2bfd8213e3fcc18d8f699c5104f",
                "sha256:45cea33b208971e87a31c17622e4b440cac231766ec11e5d22c76fab3bf9df62",
                "sha256:6708f30db9117f115eadc4f125c2a10c1a50d711461699a0cbfaa45b9a78e376",
                "sha256:68532f4349fd3900b839f588972b3392ee56042e440dd5873dfbbcd2cc67617c",
                "sha256:6aafa5a78b9e62493539456f8b646f85abc7093dd997f4976bb105537cf2635e",
                "sha256:7d37dccc7ae63e61f7b96ee2e19c40f153ba6ce730d8ba4d3b4e9738c1dccc1b",
                "sha256:864e1197139d651a76c81757db5eb199db8866e13acb0dfe96e6fc5d1cf45fc4",
                "sha256:8887d675a64cfc59f4ecd34382e5b4f0ef4ae1da37ed665adba0c2badf0d6578",
                "sha256:8efcadc5a0003d3a6e887ccc1fb44dec25594f117a94e3127954c05cf144d811",
                "sha256:9b09e0f0ac29eee0451d71798878eae5a4e6a91aa275e114037b27f7db72702d",
                "sha256:a4aee22ece20958888eedbad20e4dbb03c37533e010fb824161b4f05e641f738",
                "sha256:a5abddb3558d3f0a78949c750644a67be31e47936042d4f6c888dd6f3c95f4aa",
                "sha256:c092a2c1e736086d59ac8e41f9c98f26bbf9b9222a76f21af9dfe949b99b2eb9",
                "sha256:c686a47d57ca910a2572fddfe9912819880b8765e2f01dc0dd12a9bf8573e539",
                "sha256:cbbe908fda687e39afd6ea2a2f14c2c3e43f2ca88e3a11964b297822358d0e6c",
                "sha256:ce9f61938d7155f79d3cb2ffa663147d4a76d16e08f65e2c66b77bd41b356718",
                "sha256:dbbaf9da2ee98ee2531e0c780455f2841e4675ff580ecf93fe5c48fe733b5667",
                "sha256:f1e507c9ee39c61bfddd79714e4f85900656db1aec4d40c6de55648e85c2799c",
                "sha256:ff3d00b70ce95adce264462c930fbaecb29718ba6563db354608f37e49e09024"
            ],
            "markers": "sys_platform == 'darwin'",
            "version": "==0.17.0"
        },
        "watchdog": {
            "hashes": [
                "sha256:102a60093090fc3ff76c983367b19849b7cc24ec414a43c0333680106e62aae1",
                "sha256:17f1708f7410af92ddf591e94ae71a27a13974559e72f7e9fde3ec174b26ba2e",
                "sha256:195ab1d9d611a4c1e5311cbf42273bc541e18ea8c32712f2fb703cfc6ff006f9",
                "sha256:4cb5ecc332112017fbdb19ede78d92e29a8165c46b68a0b8ccbd0a154f196d5e",
                "sha256:5100eae58133355d3ca6c1083a33b81355c4f452afa474c2633bd2fbbba398b3",
                "sha256:61fdb8e9c57baf625e27e1420e7ca17f7d2023929cd0065eb79c83da1dfbeacd",
                "sha256:6ccd8d84b9490a82b51b230740468116b8205822ea5fdc700a553d92661253a3",
                "sha256:6e01d699cd260d59b84da6bda019dce0a3353e3fcc774408ae767fe88ee096b7",
                "sha256:748ca797ff59962e83cc8e4b233f87113f3cf247c23e6be58b8a2885c7337aa3",
                "sha256:83a7cead445008e880dbde833cb9e5cc7b9a0958edb697a96b936621975f15b9",
                "sha256:8586d98c494690482c963ffb24c49bf9c8c2fe0589cec4dc2f753b78d1ec301d",
                "sha256:8b5cde14e5c72b2df5d074774bdff69e9b55da77e102a91f36ef26ca35f9819c",
                "sha256:8c28c23972ec9c524967895ccb1954bc6f6d4a557d36e681a36e84368660c4ce",
                "sha256:967636031fa4c4955f0f3f22da3c5c418aa65d50908d31b73b3b3ffd66d60640",
                "sha256:96cbeb494e6cbe3ae6aacc430e678ce4b4dd3ae5125035f72b6eb4e5e9eb4f4e",
                "sha256:978a1aed55de0b807913b7482d09943b23a2d634040b112bdf31811a422f6344",
                "sha256:a09483249d25cbdb4c268e020cb861c51baab2d1affd9a6affc68ffe6a231260",
                "sha256:a480d122740debf0afac4ddd583c6c0bb519c24f817b42ed6f850e2f6f9d64a8",
                "sha256:adaf2ece15f3afa33a6b45f76b333a7da9256e1360003032524d61bdb4c422ae",
                "sha256:bc43c1b24d2f86b6e1cc15f68635a959388219426109233e606517ff7d0a5a73",
                "sha256:c27d8c1535fd4474e40a4b5e01f4ba6720bac58e6751c667895cbc5c8a7af33c",
                "sha256:cdcc23c9528601a8a293eb4369cbd14f6b4f34f07ae8769421252e9c22718b6f",
                "sha256:cece1aa596027ff56369f0b50a9de209920e1df9ac6d02c7f9e5d8162eb4f02b",
                "sha256:d0f29fd9f3f149a5277929de33b4f121a04cf84bb494634707cfa8ea8ae106a8",
                "sha256:d6b87477752bd86ac5392ecb9eeed92b416898c30bd40c7e2dd03c3146105646",
                "sha256:e038be858425c4f621900b8ff1a3a1330d9edcfeaa1c0468aeb7e330fb87693e",
                "sha256:e618a4863726bc7a3c64f95c218437f3349fb9d909eb9ea3a1ed3b567417c661",
                "sha256:f8ac23ff2c2df4471a61af6490f847633024e5aa120567e08d07af5718c9d092"
            ],
            "index": "pypi",
            "version": "==2.2.1"
        }
    },
    "develop": {}
}
